
Microsoft Visual Studio Solution File, Format Version 12.00
# Visual Studio Version 16
VisualStudioVersion = 16.0.31424.327
MinimumVisualStudioVersion = 10.0.40219.1
Project("{FAE04EC0-301F-11D3-BF4B-00C04F79EFBC}") = "conditional_statements", "conditional_statements\conditional_statements.csproj", "{ACB9F35D-E081-451A-AC6D-80E1B64FEBD4}"
EndProject
Global
	GlobalSection(SolutionConfigurationPlatforms) = preSolution
		Debug|Any CPU = Debug|Any CPU
		Release|Any CPU = Release|Any CPU
	EndGlobalSection
	GlobalSection(ProjectConfigurationPlatforms) = postSolution
		{ACB9F35D-E081-451A-AC6D-80E1B64FEBD4}.Debug|Any CPU.ActiveCfg = Debug|Any CPU
		{ACB9F35D-E081-451A-AC6D-80E1B64FEBD4}.Debug|Any CPU.Build.0 = Debug|Any CPU
		{ACB9F35D-E081-451A-AC6D-80E1B64FEBD4}.Release|Any CPU.ActiveCfg = Release|Any CPU
		{ACB9F35D-E081-451A-AC6D-80E1B64FEBD4}.Release|Any CPU.Build.0 = Release|Any CPU
	EndGlobalSection
	GlobalSection(SolutionProperties) = preSolution
		HideSolutionNode = FALSE
	EndGlobalSection
	GlobalSection(ExtensibilityGlobals) = postSolution
		SolutionGuid = {65CD248F-9AE9-4C4C-9F90-08348D87AF11}
	EndGlobalSection
EndGlobal
